
Microsoft Visual Studio Solution File, Format Version 12.00
# Visual Studio Version 17
VisualStudioVersion = 17.4.33502.350
MinimumVisualStudioVersion = 10.0.40219.1
Project("{9A19103F-16F7-4668-BE54-9A1E7A4F7556}") = "WorkerService", "WorkerService1\WorkerService.csproj", "{287C112B-CC81-4E15-B37E-CDD19B7DB3AB}"
EndProject
Global
	GlobalSection(SolutionConfigurationPlatforms) = preSolution
		Debug|Any CPU = Debug|Any CPU
		Release|Any CPU = Release|Any CPU
	EndGlobalSection
	GlobalSection(ProjectConfigurationPlatforms) = postSolution
		{287C112B-CC81-4E15-B37E-CDD19B7DB3AB}.Debug|Any CPU.ActiveCfg = Debug|Any CPU
		{287C112B-CC81-4E15-B37E-CDD19B7DB3AB}.Debug|Any CPU.Build.0 = Debug|Any CPU
		{287C112B-CC81-4E15-B37E-CDD19B7DB3AB}.Release|Any CPU.ActiveCfg = Release|Any CPU
		{287C112B-CC81-4E15-B37E-CDD19B7DB3AB}.Release|Any CPU.Build.0 = Release|Any CPU
	EndGlobalSection
	GlobalSection(SolutionProperties) = preSolution
		HideSolutionNode = FALSE
	EndGlobalSection
	GlobalSection(ExtensibilityGlobals) = postSolution
		SolutionGuid = {28597312-D1BF-4128-8B8E-D0E444BD9663}
	EndGlobalSection
EndGlobal
